
Microsoft Visual Studio Solution File, Format Version 12.00
# Visual Studio 15
VisualStudioVersion = 15.0.26923.0
MinimumVisualStudioVersion = 10.0.40219.1
Project("{9A19103F-16F7-4668-BE54-9A1E7A4F7556}") = "TCB.API", "TCB.API\TCB.API.csproj", "{69DE3921-CB33-41C0-8F49-BC43B42A9292}"
EndProject
Global
	GlobalSection(SolutionConfigurationPlatforms) = preSolution
		Debug|Any CPU = Debug|Any CPU
		Release|Any CPU = Release|Any CPU
	EndGlobalSection
	GlobalSection(ProjectConfigurationPlatforms) = postSolution
		{69DE3921-CB33-41C0-8F49-BC43B42A9292}.Debug|Any CPU.ActiveCfg = Debug|Any CPU
		{69DE3921-CB33-41C0-8F49-BC43B42A9292}.Debug|Any CPU.Build.0 = Debug|Any CPU
		{69DE3921-CB33-41C0-8F49-BC43B42A9292}.Release|Any CPU.ActiveCfg = Release|Any CPU
		{69DE3921-CB33-41C0-8F49-BC43B42A9292}.Release|Any CPU.Build.0 = Release|Any CPU
	EndGlobalSection
	GlobalSection(SolutionProperties) = preSolution
		HideSolutionNode = FALSE
	EndGlobalSection
	GlobalSection(ExtensibilityGlobals) = postSolution
		SolutionGuid = {086AF009-0491-4B90-BD3A-16030CEE3635}
	EndGlobalSection
EndGlobal
